# This file is automatically @generated by Cargo.
# It is not intended for manual editing.
version = 4

[[package]]
name = "charon"
version = "0.1.0"

[[package]]
name = "charon-cli"
version = "0.1.0"

[[package]]
name = "charon-cluster"
version = "0.1.0"

[[package]]
name = "charon-consensus"
version = "0.1.0"

[[package]]
name = "charon-core"
version = "0.1.0"

[[package]]
name = "charon-crypto"
version = "0.1.0"

[[package]]
name = "charon-db"
version = "0.1.0"

[[package]]
name = "charon-dkg"
version = "0.1.0"

[[package]]
name = "charon-errors"
version = "0.1.0"

[[package]]
name = "charon-eth2"
version = "0.1.0"

[[package]]
name = "charon-observability"
version = "0.1.0"

[[package]]
name = "charon-p2p"
version = "0.1.0"

[[package]]
name = "charon-serde"
version = "0.1.0"

[[package]]
name = "charon-testutil"
version = "0.1.0"
